
Microsoft Visual Studio Solution File, Format Version 12.00
# Visual Studio Version 17
VisualStudioVersion = 17.2.32516.85
MinimumVisualStudioVersion = 10.0.40219.1
Project("{9A19103F-16F7-4668-BE54-9A1E7A4F7556}") = "WebEstoquePro", "src\WebEstoquePro\WebEstoquePro.csproj", "{545A091E-AF73-4062-9876-47917648F4C2}"
EndProject
Project("{FAE04EC0-301F-11D3-BF4B-00C04F79EFBC}") = "Business", "src\Business\Business.csproj", "{4438D5A5-0A53-4FCD-91DB-566F788A0FDA}"
EndProject
Project("{FAE04EC0-301F-11D3-BF4B-00C04F79EFBC}") = "DataAccess", "src\DataAccess\DataAccess.csproj", "{CA97E832-D455-4869-8735-8CD2DF5F1D90}"
EndProject
Project("{FAE04EC0-301F-11D3-BF4B-00C04F79EFBC}") = "Core", "src\Core\Core.csproj", "{2856D5F2-F4E3-4C70-AD1B-60DAA20069B5}"
EndProject
Global
	GlobalSection(SolutionConfigurationPlatforms) = preSolution
		Debug|Any CPU = Debug|Any CPU
		Release|Any CPU = Release|Any CPU
	EndGlobalSection
	GlobalSection(ProjectConfigurationPlatforms) = postSolution
		{545A091E-AF73-4062-9876-47917648F4C2}.Debug|Any CPU.ActiveCfg = Debug|Any CPU
		{545A091E-AF73-4062-9876-47917648F4C2}.Debug|Any CPU.Build.0 = Debug|Any CPU
		{545A091E-AF73-4062-9876-47917648F4C2}.Release|Any CPU.ActiveCfg = Release|Any CPU
		{545A091E-AF73-4062-9876-47917648F4C2}.Release|Any CPU.Build.0 = Release|Any CPU
		{4438D5A5-0A53-4FCD-91DB-566F788A0FDA}.Debug|Any CPU.ActiveCfg = Debug|Any CPU
		{4438D5A5-0A53-4FCD-91DB-566F788A0FDA}.Debug|Any CPU.Build.0 = Debug|Any CPU
		{4438D5A5-0A53-4FCD-91DB-566F788A0FDA}.Release|Any CPU.ActiveCfg = Release|Any CPU
		{4438D5A5-0A53-4FCD-91DB-566F788A0FDA}.Release|Any CPU.Build.0 = Release|Any CPU
		{CA97E832-D455-4869-8735-8CD2DF5F1D90}.Debug|Any CPU.ActiveCfg = Debug|Any CPU
		{CA97E832-D455-4869-8735-8CD2DF5F1D90}.Debug|Any CPU.Build.0 = Debug|Any CPU
		{CA97E832-D455-4869-8735-8CD2DF5F1D90}.Release|Any CPU.ActiveCfg = Release|Any CPU
		{CA97E832-D455-4869-8735-8CD2DF5F1D90}.Release|Any CPU.Build.0 = Release|Any CPU
		{2856D5F2-F4E3-4C70-AD1B-60DAA20069B5}.Debug|Any CPU.ActiveCfg = Debug|Any CPU
		{2856D5F2-F4E3-4C70-AD1B-60DAA20069B5}.Debug|Any CPU.Build.0 = Debug|Any CPU
		{2856D5F2-F4E3-4C70-AD1B-60DAA20069B5}.Release|Any CPU.ActiveCfg = Release|Any CPU
		{2856D5F2-F4E3-4C70-AD1B-60DAA20069B5}.Release|Any CPU.Build.0 = Release|Any CPU
	EndGlobalSection
	GlobalSection(SolutionProperties) = preSolution
		HideSolutionNode = FALSE
	EndGlobalSection
	GlobalSection(ExtensibilityGlobals) = postSolution
		SolutionGuid = {7A002DB3-93FF-4D17-BB2E-A745B2FE6FAE}
	EndGlobalSection
EndGlobal
